// !$*UTF8*$!
{
	archiveVersion = 1;
	classes = {
	};
	objectVersion = 50;
	objects = {

/* Begin PBXBuildFile section */
		2A750B1F26034522005F44AD /* Categories.swift in Sources */ = {isa = PBXBuildFile; fileRef = 2A750B1E26034522005F44AD /* Categories.swift */; };
		A0E4870E25F99B6300ACC3D5 /* AppDelegate.swift in Sources */ = {isa = PBXBuildFile; fileRef = A0E4870D25F99B6300ACC3D5 /* AppDelegate.swift */; };
		A0E4871025F99B6300ACC3D5 /* SceneDelegate.swift in Sources */ = {isa = PBXBuildFile; fileRef = A0E4870F25F99B6300ACC3D5 /* SceneDelegate.swift */; };
		A0E4871225F99B6300ACC3D5 /* ViewController.swift in Sources */ = {isa = PBXBuildFile; fileRef = A0E4871125F99B6300ACC3D5 /* ViewController.swift */; };
		A0E4871525F99B6300ACC3D5 /* Main.storyboard in Resources */ = {isa = PBXBuildFile; fileRef = A0E4871325F99B6300ACC3D5 /* Main.storyboard */; };
		A0E4871725F99B6400ACC3D5 /* Assets.xcassets in Resources */ = {isa = PBXBuildFile; fileRef = A0E4871625F99B6400ACC3D5 /* Assets.xcassets */; };
		A0E4871A25F99B6400ACC3D5 /* LaunchScreen.storyboard in Resources */ = {isa = PBXBuildFile; fileRef = A0E4871825F99B6400ACC3D5 /* LaunchScreen.storyboard */; };
		A0E4872525F99B6400ACC3D5 /* RecipeAppTests.swift in Sources */ = {isa = PBXBuildFile; fileRef = A0E4872425F99B6400ACC3D5 /* RecipeAppTests.swift */; };
		A0E4873025F99B6400ACC3D5 /* RecipeAppUITests.swift in Sources */ = {isa = PBXBuildFile; fileRef = A0E4872F25F99B6400ACC3D5 /* RecipeAppUITests.swift */; };
		A0F9AE70260748A2001A4AE3 /* RecipeViewController.swift in Sources */ = {isa = PBXBuildFile; fileRef = A0F9AE6F260748A2001A4AE3 /* RecipeViewController.swift */; };
		A0F9AE75260773DC001A4AE3 /* RecipeCollectionViewCell.swift in Sources */ = {isa = PBXBuildFile; fileRef = A0F9AE74260773DC001A4AE3 /* RecipeCollectionViewCell.swift */; };
		C784894B25F9F6420043C01A /* RecipeContainer.swift in Sources */ = {isa = PBXBuildFile; fileRef = C784894A25F9F6420043C01A /* RecipeContainer.swift */; };
/* End PBXBuildFile section */

/* Begin PBXContainerItemProxy section */
		A0E4872125F99B6400ACC3D5 /* PBXContainerItemProxy */ = {
			isa = PBXContainerItemProxy;
			containerPortal = A0E4870225F99B6300ACC3D5 /* Project object */;
			proxyType = 1;
			remoteGlobalIDString = A0E4870925F99B6300ACC3D5;
			remoteInfo = RecipeApp;
		};
		A0E4872C25F99B6400ACC3D5 /* PBXContainerItemProxy */ = {
			isa = PBXContainerItemProxy;
			containerPortal = A0E4870225F99B6300ACC3D5 /* Project object */;
			proxyType = 1;
			remoteGlobalIDString = A0E4870925F99B6300ACC3D5;
			remoteInfo = RecipeApp;
		};
/* End PBXContainerItemProxy section */

/* Begin PBXFileReference section */
		2A750B1E26034522005F44AD /* Categories.swift */ = {isa = PBXFileReference; lastKnownFileType = sourcecode.swift; path = Categories.swift; sourceTree = "<group>"; };
		A0E4870A25F99B6300ACC3D5 /* RecipeApp.app */ = {isa = PBXFileReference; explicitFileType = wrapper.application; includeInIndex = 0; path = RecipeApp.app; sourceTree = BUILT_PRODUCTS_DIR; };
		A0E4870D25F99B6300ACC3D5 /* AppDelegate.swift */ = {isa = PBXFileReference; lastKnownFileType = sourcecode.swift; path = AppDelegate.swift; sourceTree = "<group>"; };
		A0E4870F25F99B6300ACC3D5 /* SceneDelegate.swift */ = {isa = PBXFileReference; lastKnownFileType = sourcecode.swift; path = SceneDelegate.swift; sourceTree = "<group>"; };
		A0E4871125F99B6300ACC3D5 /* ViewController.swift */ = {isa = PBXFileReference; lastKnownFileType = sourcecode.swift; path = ViewController.swift; sourceTree = "<group>"; };
		A0E4871425F99B6300ACC3D5 /* Base */ = {isa = PBXFileReference; lastKnownFileType = file.storyboard; name = Base; path = Base.lproj/Main.storyboard; sourceTree = "<group>"; };
		A0E4871625F99B6400ACC3D5 /* Assets.xcassets */ = {isa = PBXFileReference; lastKnownFileType = folder.assetcatalog; path = Assets.xcassets; sourceTree = "<group>"; };
		A0E4871925F99B6400ACC3D5 /* Base */ = {isa = PBXFileReference; lastKnownFileType = file.storyboard; name = Base; path = Base.lproj/LaunchScreen.storyboard; sourceTree = "<group>"; };
		A0E4871B25F99B6400ACC3D5 /* Info.plist */ = {isa = PBXFileReference; lastKnownFileType = text.plist.xml; path = Info.plist; sourceTree = "<group>"; };
		A0E4872025F99B6400ACC3D5 /* RecipeAppTests.xctest */ = {isa = PBXFileReference; explicitFileType = wrapper.cfbundle; includeInIndex = 0; path = RecipeAppTests.xctest; sourceTree = BUILT_PRODUCTS_DIR; };
		A0E4872425F99B6400ACC3D5 /* RecipeAppTests.swift */ = {isa = PBXFileReference; lastKnownFileType = sourcecode.swift; path = RecipeAppTests.swift; sourceTree = "<group>"; };
		A0E4872625F99B6400ACC3D5 /* Info.plist */ = {isa = PBXFileReference; lastKnownFileType = text.plist.xml; path = Info.plist; sourceTree = "<group>"; };
		A0E4872B25F99B6400ACC3D5 /* RecipeAppUITests.xctest */ = {isa = PBXFileReference; explicitFileType = wrapper.cfbundle; includeInIndex = 0; path = RecipeAppUITests.xctest; sourceTree = BUILT_PRODUCTS_DIR; };
		A0E4872F25F99B6400ACC3D5 /* RecipeAppUITests.swift */ = {isa = PBXFileReference; lastKnownFileType = sourcecode.swift; path = RecipeAppUITests.swift; sourceTree = "<group>"; };
		A0E4873125F99B6400ACC3D5 /* Info.plist */ = {isa = PBXFileReference; lastKnownFileType = text.plist.xml; path = Info.plist; sourceTree = "<group>"; };
		A0F9AE6F260748A2001A4AE3 /* RecipeViewController.swift */ = {isa = PBXFileReference; lastKnownFileType = sourcecode.swift; path = RecipeViewController.swift; sourceTree = "<group>"; };
		A0F9AE74260773DC001A4AE3 /* RecipeCollectionViewCell.swift */ = {isa = PBXFileReference; lastKnownFileType = sourcecode.swift; path = RecipeCollectionViewCell.swift; sourceTree = "<group>"; };
		C784894A25F9F6420043C01A /* RecipeContainer.swift */ = {isa = PBXFileReference; lastKnownFileType = sourcecode.swift; path = RecipeContainer.swift; sourceTree = "<group>"; };
/* End PBXFileReference section */

/* Begin PBXFrameworksBuildPhase section */
		A0E4870725F99B6300ACC3D5 /* Frameworks */ = {
			isa = PBXFrameworksBuildPhase;
			buildActionMask = 2147483647;
			files = (
			);
			runOnlyForDeploymentPostprocessing = 0;
		};
		A0E4871D25F99B6400ACC3D5 /* Frameworks */ = {
			isa = PBXFrameworksBuildPhase;
			buildActionMask = 2147483647;
			files = (
			);
			runOnlyForDeploymentPostprocessing = 0;
		};
		A0E4872825F99B6400ACC3D5 /* Frameworks */ = {
			isa = PBXFrameworksBuildPhase;
			buildActionMask = 2147483647;
			files = (
			);
			runOnlyForDeploymentPostprocessing = 0;
		};
/* End PBXFrameworksBuildPhase section */

/* Begin PBXGroup section */
		A0E4870125F99B6300ACC3D5 = {
			isa = PBXGroup;
			children = (
				A0E4870C25F99B6300ACC3D5 /* RecipeApp */,
				A0E4872325F99B6400ACC3D5 /* RecipeAppTests */,
				A0E4872E25F99B6400ACC3D5 /* RecipeAppUITests */,
				A0E4870B25F99B6300ACC3D5 /* Products */,
			);
			sourceTree = "<group>";
		};
		A0E4870B25F99B6300ACC3D5 /* Products */ = {
			isa = PBXGroup;
			children = (
				A0E4870A25F99B6300ACC3D5 /* RecipeApp.app */,
				A0E4872025F99B6400ACC3D5 /* RecipeAppTests.xctest */,
				A0E4872B25F99B6400ACC3D5 /* RecipeAppUITests.xctest */,
			);
			name = Products;
			sourceTree = "<group>";
		};
		A0E4870C25F99B6300ACC3D5 /* RecipeApp */ = {
			isa = PBXGroup;
			children = (
				A0E4870D25F99B6300ACC3D5 /* AppDelegate.swift */,
				A0E4870F25F99B6300ACC3D5 /* SceneDelegate.swift */,
				A0E4871125F99B6300ACC3D5 /* ViewController.swift */,
				A0E4871325F99B6300ACC3D5 /* Main.storyboard */,
				A0E4871625F99B6400ACC3D5 /* Assets.xcassets */,
				A0E4871825F99B6400ACC3D5 /* LaunchScreen.storyboard */,
				A0E4871B25F99B6400ACC3D5 /* Info.plist */,
				C784894A25F9F6420043C01A /* RecipeContainer.swift */,
				2A750B1E26034522005F44AD /* Categories.swift */,
				A0F9AE6F260748A2001A4AE3 /* RecipeViewController.swift */,
				A0F9AE74260773DC001A4AE3 /* RecipeCollectionViewCell.swift */,
			);
			path = RecipeApp;
			sourceTree = "<group>";
		};
		A0E4872325F99B6400ACC3D5 /* RecipeAppTests */ = {
			isa = PBXGroup;
			children = (
				A0E4872425F99B6400ACC3D5 /* RecipeAppTests.swift */,
				A0E4872625F99B6400ACC3D5 /* Info.plist */,
			);
			path = RecipeAppTests;
			sourceTree = "<group>";
		};
		A0E4872E25F99B6400ACC3D5 /* RecipeAppUITests */ = {
			isa = PBXGroup;
			children = (
				A0E4872F25F99B6400ACC3D5 /* RecipeAppUITests.swift */,
				A0E4873125F99B6400ACC3D5 /* Info.plist */,
			);
			path = RecipeAppUITests;
			sourceTree = "<group>";
		};
/* End PBXGroup section */

/* Begin PBXNativeTarget section */
		A0E4870925F99B6300ACC3D5 /* RecipeApp */ = {
			isa = PBXNativeTarget;
			buildConfigurationList = A0E4873425F99B6400ACC3D5 /* Build configuration list for PBXNativeTarget "RecipeApp" */;
			buildPhases = (
				A0E4870625F99B6300ACC3D5 /* Sources */,
				A0E4870725F99B6300ACC3D5 /* Frameworks */,
				A0E4870825F99B6300ACC3D5 /* Resources */,
			);
			buildRules = (
			);
			dependencies = (
			);
			name = RecipeApp;
			productName = RecipeApp;
			productReference = A0E4870A25F99B6300ACC3D5 /* RecipeApp.app */;
			productType = "com.apple.product-type.application";
		};
		A0E4871F25F99B6400ACC3D5 /* RecipeAppTests */ = {
			isa = PBXNativeTarget;
			buildConfigurationList = A0E4873725F99B6400ACC3D5 /* Build configuration list for PBXNativeTarget "RecipeAppTests" */;
			buildPhases = (
				A0E4871C25F99B6400ACC3D5 /* Sources */,
				A0E4871D25F99B6400ACC3D5 /* Frameworks */,
				A0E4871E25F99B6400ACC3D5 /* Resources */,
			);
			buildRules = (
			);
			dependencies = (
				A0E4872225F99B6400ACC3D5 /* PBXTargetDependency */,
			);
			name = RecipeAppTests;
			productName = RecipeAppTests;
			productReference = A0E4872025F99B6400ACC3D5 /* RecipeAppTests.xctest */;
			productType = "com.apple.product-type.bundle.unit-test";
		};
		A0E4872A25F99B6400ACC3D5 /* RecipeAppUITests */ = {
			isa = PBXNativeTarget;
			buildConfigurationList = A0E4873A25F99B6400ACC3D5 /* Build configuration list for PBXNativeTarget "RecipeAppUITests" */;
			buildPhases = (
				A0E4872725F99B6400ACC3D5 /* Sources */,
				A0E4872825F99B6400ACC3D5 /* Frameworks */,
				A0E4872925F99B6400ACC3D5 /* Resources */,
			);
			buildRules = (
			);
			dependencies = (
				A0E4872D25F99B6400ACC3D5 /* PBXTargetDependency */,
			);
			name = RecipeAppUITests;
			productName = RecipeAppUITests;
			productReference = A0E4872B25F99B6400ACC3D5 /* RecipeAppUITests.xctest */;
			productType = "com.apple.product-type.bundle.ui-testing";
		};
/* End PBXNativeTarget section */

/* Begin PBXProject section */
		A0E4870225F99B6300ACC3D5 /* Project object */ = {
			isa = PBXProject;
			attributes = {
				LastSwiftUpdateCheck = 1240;
				LastUpgradeCheck = 1240;
				TargetAttributes = {
					A0E4870925F99B6300ACC3D5 = {
						CreatedOnToolsVersion = 12.4;
					};
					A0E4871F25F99B6400ACC3D5 = {
						CreatedOnToolsVersion = 12.4;
						TestTargetID = A0E4870925F99B6300ACC3D5;
					};
					A0E4872A25F99B6400ACC3D5 = {
						CreatedOnToolsVersion = 12.4;
						TestTargetID = A0E4870925F99B6300ACC3D5;
					};
				};
			};
			buildConfigurationList = A0E4870525F99B6300ACC3D5 /* Build configuration list for PBXProject "RecipeApp" */;
			compatibilityVersion = "Xcode 9.3";
			developmentRegion = en;
			hasScannedForEncodings = 0;
			knownRegions = (
				en,
				Base,
			);
			mainGroup = A0E4870125F99B6300ACC3D5;
			productRefGroup = A0E4870B25F99B6300ACC3D5 /* Products */;
			projectDirPath = "";
			projectRoot = "";
			targets = (
				A0E4870925F99B6300ACC3D5 /* RecipeApp */,
				A0E4871F25F99B6400ACC3D5 /* RecipeAppTests */,
				A0E4872A25F99B6400ACC3D5 /* RecipeAppUITests */,
			);
		};
/* End PBXProject section */

/* Begin PBXResourcesBuildPhase section */
		A0E4870825F99B6300ACC3D5 /* Resources */ = {
			isa = PBXResourcesBuildPhase;
			buildActionMask = 2147483647;
			files = (
				A0E4871A25F99B6400ACC3D5 /* LaunchScreen.storyboard in Resources */,
				A0E4871725F99B6400ACC3D5 /* Assets.xcassets in Resources */,
				A0E4871525F99B6300ACC3D5 /* Main.storyboard in Resources */,
			);
			runOnlyForDeploymentPostprocessing = 0;
		};
		A0E4871E25F99B6400ACC3D5 /* Resources */ = {
			isa = PBXResourcesBuildPhase;
			buildActionMask = 2147483647;
			files = (
			);
			runOnlyForDeploymentPostprocessing = 0;
		};
		A0E4872925F99B6400ACC3D5 /* Resources */ = {
			isa = PBXResourcesBuildPhase;
			buildActionMask = 2147483647;
			files = (
			);
			runOnlyForDeploymentPostprocessing = 0;
		};
/* End PBXResourcesBuildPhase section */

/* Begin PBXSourcesBuildPhase section */
		A0E4870625F99B6300ACC3D5 /* Sources */ = {
			isa = PBXSourcesBuildPhase;
			buildActionMask = 2147483647;
			files = (
				A0E4871225F99B6300ACC3D5 /* ViewController.swift in Sources */,
				A0E4870E25F99B6300ACC3D5 /* AppDelegate.swift in Sources */,
				A0F9AE70260748A2001A4AE3 /* RecipeViewController.swift in Sources */,
				2A750B1F26034522005F44AD /* Categories.swift in Sources */,
				A0F9AE75260773DC001A4AE3 /* RecipeCollectionViewCell.swift in Sources */,
				A0E4871025F99B6300ACC3D5 /* SceneDelegate.swift in Sources */,
				C784894B25F9F6420043C01A /* RecipeContainer.swift in Sources */,
			);
			runOnlyForDeploymentPostprocessing = 0;
		};
		A0E4871C25F99B6400ACC3D5 /* Sources */ = {
			isa = PBXSourcesBuildPhase;
			buildActionMask = 2147483647;
			files = (
				A0E4872525F99B6400ACC3D5 /* RecipeAppTests.swift in Sources */,
			);
			runOnlyForDeploymentPostprocessing = 0;
		};
		A0E4872725F99B6400ACC3D5 /* Sources */ = {
			isa = PBXSourcesBuildPhase;
			buildActionMask = 2147483647;
			files = (
				A0E4873025F99B6400ACC3D5 /* RecipeAppUITests.swift in Sources */,
			);
			runOnlyForDeploymentPostprocessing = 0;
		};
/* End PBXSourcesBuildPhase section */

/* Begin PBXTargetDependency section */
		A0E4872225F99B6400ACC3D5 /* PBXTargetDependency */ = {
			isa = PBXTargetDependency;
			target = A0E4870925F99B6300ACC3D5 /* RecipeApp */;
			targetProxy = A0E4872125F99B6400ACC3D5 /* PBXContainerItemProxy */;
		};
		A0E4872D25F99B6400ACC3D5 /* PBXTargetDependency */ = {
			isa = PBXTargetDependency;
			target = A0E4870925F99B6300ACC3D5 /* RecipeApp */;
			targetProxy = A0E4872C25F99B6400ACC3D5 /* PBXContainerItemProxy */;
		};
/* End PBXTargetDependency section */

/* Begin PBXVariantGroup section */
		A0E4871325F99B6300ACC3D5 /* Main.storyboard */ = {
			isa = PBXVariantGroup;
			children = (
				A0E4871425F99B6300ACC3D5 /* Base */,
			);
			name = Main.storyboard;
			sourceTree = "<group>";
		};
		A0E4871825F99B6400ACC3D5 /* LaunchScreen.storyboard */ = {
			isa = PBXVariantGroup;
			children = (
				A0E4871925F99B6400ACC3D5 /* Base */,
			);
			name = LaunchScreen.storyboard;
			sourceTree = "<group>";
		};
/* End PBXVariantGroup section */

/* Begin XCBuildConfiguration section */
		A0E4873225F99B6400ACC3D5 /* Debug */ = {
			isa = XCBuildConfiguration;
			buildSettings = {
				ALWAYS_SEARCH_USER_PATHS = NO;
				CLANG_ANALYZER_NONNULL = YES;
				CLANG_ANALYZER_NUMBER_OBJECT_CONVERSION = YES_AGGRESSIVE;
				CLANG_CXX_LANGUAGE_STANDARD = "gnu++14";
				CLANG_CXX_LIBRARY = "libc++";
				CLANG_ENABLE_MODULES = YES;
				CLANG_ENABLE_OBJC_ARC = YES;
				CLANG_ENABLE_OBJC_WEAK = YES;
				CLANG_WARN_BLOCK_CAPTURE_AUTORELEASING = YES;
				CLANG_WARN_BOOL_CONVERSION = YES;
				CLANG_WARN_COMMA = YES;
				CLANG_WARN_CONSTANT_CONVERSION = YES;
				CLANG_WARN_DEPRECATED_OBJC_IMPLEMENTATIONS = YES;
				CLANG_WARN_DIRECT_OBJC_ISA_USAGE = YES_ERROR;
				CLANG_WARN_DOCUMENTATION_COMMENTS = YES;
				CLANG_WARN_EMPTY_BODY = YES;
				CLANG_WARN_ENUM_CONVERSION = YES;
				CLANG_WARN_INFINITE_RECURSION = YES;
				CLANG_WARN_INT_CONVERSION = YES;
				CLANG_WARN_NON_LITERAL_NULL_CONVERSION = YES;
				CLANG_WARN_OBJC_IMPLICIT_RETAIN_SELF = YES;
				CLANG_WARN_OBJC_LITERAL_CONVERSION = YES;
				CLANG_WARN_OBJC_ROOT_CLASS = YES_ERROR;
				CLANG_WARN_QUOTED_INCLUDE_IN_FRAMEWORK_HEADER = YES;
				CLANG_WARN_RANGE_LOOP_ANALYSIS = YES;
				CLANG_WARN_STRICT_PROTOTYPES = YES;
				CLANG_WARN_SUSPICIOUS_MOVE = YES;
				CLANG_WARN_UNGUARDED_AVAILABILITY = YES_AGGRESSIVE;
				CLANG_WARN_UNREACHABLE_CODE = YES;
				CLANG_WARN__DUPLICATE_METHOD_MATCH = YES;
				COPY_PHASE_STRIP = NO;
				DEBUG_INFORMATION_FORMAT = dwarf;
				ENABLE_STRICT_OBJC_MSGSEND = YES;
				ENABLE_TESTABILITY = YES;
				GCC_C_LANGUAGE_STANDARD = gnu11;
				GCC_DYNAMIC_NO_PIC = NO;
				GCC_NO_COMMON_BLOCKS = YES;
				GCC_OPTIMIZATION_LEVEL = 0;
				GCC_PREPROCESSOR_DEFINITIONS = (
					"DEBUG=1",
					"$(inherited)",
				);
				GCC_WARN_64_TO_32_BIT_CONVERSION = YES;
				GCC_WARN_ABOUT_RETURN_TYPE = YES_ERROR;
				GCC_WARN_UNDECLARED_SELECTOR = YES;
				GCC_WARN_UNINITIALIZED_AUTOS = YES_AGGRESSIVE;
				GCC_WARN_UNUSED_FUNCTION = YES;
				GCC_WARN_UNUSED_VARIABLE = YES;
				IPHONEOS_DEPLOYMENT_TARGET = 14.4;
				MTL_ENABLE_DEBUG_INFO = INCLUDE_SOURCE;
				MTL_FAST_MATH = YES;
				ONLY_ACTIVE_ARCH = YES;
				SDKROOT = iphoneos;
				SWIFT_ACTIVE_COMPILATION_CONDITIONS = DEBUG;
				SWIFT_OPTIMIZATION_LEVEL = "-Onone";
			};
			name = Debug;
		};
		A0E4873325F99B6400ACC3D5 /* Release */ = {
			isa = XCBuildConfiguration;
			buildSettings = {
				ALWAYS_SEARCH_USER_PATHS = NO;
				CLANG_ANALYZER_NONNULL = YES;
				CLANG_ANALYZER_NUMBER_OBJECT_CONVERSION = YES_AGGRESSIVE;
				CLANG_CXX_LANGUAGE_STANDARD = "gnu++14";
				CLANG_CXX_LIBRARY = "libc++";
				CLANG_ENABLE_MODULES = YES;
				CLANG_ENABLE_OBJC_ARC = YES;
				CLANG_ENABLE_OBJC_WEAK = YES;
				CLANG_WARN_BLOCK_CAPTURE_AUTORELEASING = YES;
				CLANG_WARN_BOOL_CONVERSION = YES;
				CLANG_WARN_COMMA = YES;
				CLANG_WARN_CONSTANT_CONVERSION = YES;
				CLANG_WARN_DEPRECATED_OBJC_IMPLEMENTATIONS = YES;
				CLANG_WARN_DIRECT_OBJC_ISA_USAGE = YES_ERROR;
				CLANG_WARN_DOCUMENTATION_COMMENTS = YES;
				CLANG_WARN_EMPTY_BODY = YES;
				CLANG_WARN_ENUM_CONVERSION = YES;
				CLANG_WARN_INFINITE_RECURSION = YES;
				CLANG_WARN_INT_CONVERSION = YES;
				CLANG_WARN_NON_LITERAL_NULL_CONVERSION = YES;
				CLANG_WARN_OBJC_IMPLICIT_RETAIN_SELF = YES;
				CLANG_WARN_OBJC_LITERAL_CONVERSION = YES;
				CLANG_WARN_OBJC_ROOT_CLASS = YES_ERROR;
				CLANG_WARN_QUOTED_INCLUDE_IN_FRAMEWORK_HEADER = YES;
				CLANG_WARN_RANGE_LOOP_ANALYSIS = YES;
				CLANG_WARN_STRICT_PROTOTYPES = YES;
				CLANG_WARN_SUSPICIOUS_MOVE = YES;
				CLANG_WARN_UNGUARDED_AVAILABILITY = YES_AGGRESSIVE;
				CLANG_WARN_UNREACHABLE_CODE = YES;
				CLANG_WARN__DUPLICATE_METHOD_MATCH = YES;
				COPY_PHASE_STRIP = NO;
				DEBUG_INFORMATION_FORMAT = "dwarf-with-dsym";
				ENABLE_NS_ASSERTIONS = NO;
				ENABLE_STRICT_OBJC_MSGSEND = YES;
				GCC_C_LANGUAGE_STANDARD = gnu11;
				GCC_NO_COMMON_BLOCKS = YES;
				GCC_WARN_64_TO_32_BIT_CONVERSION = YES;
				GCC_WARN_ABOUT_RETURN_TYPE = YES_ERROR;
				GCC_WARN_UNDECLARED_SELECTOR = YES;
				GCC_WARN_UNINITIALIZED_AUTOS = YES_AGGRESSIVE;
				GCC_WARN_UNUSED_FUNCTION = YES;
				GCC_WARN_UNUSED_VARIABLE = YES;
				IPHONEOS_DEPLOYMENT_TARGET = 14.4;
				MTL_ENABLE_DEBUG_INFO = NO;
				MTL_FAST_MATH = YES;
				SDKROOT = iphoneos;
				SWIFT_COMPILATION_MODE = wholemodule;
				SWIFT_OPTIMIZATION_LEVEL = "-O";
				VALIDATE_PRODUCT = YES;
			};
			name = Release;
		};
		A0E4873525F99B6400ACC3D5 /* Debug */ = {
			isa = XCBuildConfiguration;
			buildSettings = {
				ASSETCATALOG_COMPILER_APPICON_NAME = AppIcon;
				ASSETCATALOG_COMPILER_GLOBAL_ACCENT_COLOR_NAME = AccentColor;
				CODE_SIGN_STYLE = Automatic;
				INFOPLIST_FILE = RecipeApp/Info.plist;
				LD_RUNPATH_SEARCH_PATHS = (
					"$(inherited)",
					"@executable_path/Frameworks",
				);
				PRODUCT_BUNDLE_IDENTIFIER = csuf.RecipeApp;
				PRODUCT_NAME = "$(TARGET_NAME)";
				SWIFT_VERSION = 5.0;
				TARGETED_DEVICE_FAMILY = "1,2";
			};
			name = Debug;
		};
		A0E4873625F99B6400ACC3D5 /* Release */ = {
			isa = XCBuildConfiguration;
			buildSettings = {
				ASSETCATALOG_COMPILER_APPICON_NAME = AppIcon;
				ASSETCATALOG_COMPILER_GLOBAL_ACCENT_COLOR_NAME = AccentColor;
				CODE_SIGN_STYLE = Automatic;
				INFOPLIST_FILE = RecipeApp/Info.plist;
				LD_RUNPATH_SEARCH_PATHS = (
					"$(inherited)",
					"@executable_path/Frameworks",
				);
				PRODUCT_BUNDLE_IDENTIFIER = csuf.RecipeApp;
				PRODUCT_NAME = "$(TARGET_NAME)";
				SWIFT_VERSION = 5.0;
				TARGETED_DEVICE_FAMILY = "1,2";
			};
			name = Release;
		};
		A0E4873825F99B6400ACC3D5 /* Debug */ = {
			isa = XCBuildConfiguration;
			buildSettings = {
				ALWAYS_EMBED_SWIFT_STANDARD_LIBRARIES = YES;
				BUNDLE_LOADER = "$(TEST_HOST)";
				CODE_SIGN_STYLE = Automatic;
				INFOPLIST_FILE = RecipeAppTests/Info.plist;
				IPHONEOS_DEPLOYMENT_TARGET = 14.4;
				LD_RUNPATH_SEARCH_PATHS = (
					"$(inherited)",
					"@executable_path/Frameworks",
					"@loader_path/Frameworks",
				);
				PRODUCT_BUNDLE_IDENTIFIER = csuf.RecipeAppTests;
				PRODUCT_NAME = "$(TARGET_NAME)";
				SWIFT_VERSION = 5.0;
				TARGETED_DEVICE_FAMILY = "1,2";
				TEST_HOST = "$(BUILT_PRODUCTS_DIR)/RecipeApp.app/RecipeApp";
			};
			name = Debug;
		};
		A0E4873925F99B6400ACC3D5 /* Release */ = {
			isa = XCBuildConfiguration;
			buildSettings = {
				ALWAYS_EMBED_SWIFT_STANDARD_LIBRARIES = YES;
				BUNDLE_LOADER = "$(TEST_HOST)";
				CODE_SIGN_STYLE = Automatic;
				INFOPLIST_FILE = RecipeAppTests/Info.plist;
				IPHONEOS_DEPLOYMENT_TARGET = 14.4;
				LD_RUNPATH_SEARCH_PATHS = (
					"$(inherited)",
					"@executable_path/Frameworks",
					"@loader_path/Frameworks",
				);
				PRODUCT_BUNDLE_IDENTIFIER = csuf.RecipeAppTests;
				PRODUCT_NAME = "$(TARGET_NAME)";
				SWIFT_VERSION = 5.0;
				TARGETED_DEVICE_FAMILY = "1,2";
				TEST_HOST = "$(BUILT_PRODUCTS_DIR)/RecipeApp.app/RecipeApp";
			};
			name = Release;
		};
		A0E4873B25F99B6400ACC3D5 /* Debug */ = {
			isa = XCBuildConfiguration;
			buildSettings = {
				ALWAYS_EMBED_SWIFT_STANDARD_LIBRARIES = YES;
				CODE_SIGN_STYLE = Automatic;
				INFOPLIST_FILE = RecipeAppUITests/Info.plist;
				LD_RUNPATH_SEARCH_PATHS = (
					"$(inherited)",
					"@executable_path/Frameworks",
					"@loader_path/Frameworks",
				);
				PRODUCT_BUNDLE_IDENTIFIER = csuf.RecipeAppUITests;
				PRODUCT_NAME = "$(TARGET_NAME)";
				SWIFT_VERSION = 5.0;
				TARGETED_DEVICE_FAMILY = "1,2";
				TEST_TARGET_NAME = RecipeApp;
			};
			name = Debug;
		};
		A0E4873C25F99B6400ACC3D5 /* Release */ = {
			isa = XCBuildConfiguration;
			buildSettings = {
				ALWAYS_EMBED_SWIFT_STANDARD_LIBRARIES = YES;
				CODE_SIGN_STYLE = Automatic;
				INFOPLIST_FILE = RecipeAppUITests/Info.plist;
				LD_RUNPATH_SEARCH_PATHS = (
					"$(inherited)",
					"@executable_path/Frameworks",
					"@loader_path/Frameworks",
				);
				PRODUCT_BUNDLE_IDENTIFIER = csuf.RecipeAppUITests;
				PRODUCT_NAME = "$(TARGET_NAME)";
				SWIFT_VERSION = 5.0;
				TARGETED_DEVICE_FAMILY = "1,2";
				TEST_TARGET_NAME = RecipeApp;
			};
			name = Release;
		};
/* End XCBuildConfiguration section */

/* Begin XCConfigurationList section */
		A0E4870525F99B6300ACC3D5 /* Build configuration list for PBXProject "RecipeApp" */ = {
			isa = XCConfigurationList;
			buildConfigurations = (
				A0E4873225F99B6400ACC3D5 /* Debug */,
				A0E4873325F99B6400ACC3D5 /* Release */,
			);
			defaultConfigurationIsVisible = 0;
			defaultConfigurationName = Release;
		};
		A0E4873425F99B6400ACC3D5 /* Build configuration list for PBXNativeTarget "RecipeApp" */ = {
			isa = XCConfigurationList;
			buildConfigurations = (
				A0E4873525F99B6400ACC3D5 /* Debug */,
				A0E4873625F99B6400ACC3D5 /* Release */,
			);
			defaultConfigurationIsVisible = 0;
			defaultConfigurationName = Release;
		};
		A0E4873725F99B6400ACC3D5 /* Build configuration list for PBXNativeTarget "RecipeAppTests" */ = {
			isa = XCConfigurationList;
			buildConfigurations = (
				A0E4873825F99B6400ACC3D5 /* Debug */,
				A0E4873925F99B6400ACC3D5 /* Release */,
			);
			defaultConfigurationIsVisible = 0;
			defaultConfigurationName = Release;
		};
		A0E4873A25F99B6400ACC3D5 /* Build configuration list for PBXNativeTarget "RecipeAppUITests" */ = {
			isa = XCConfigurationList;
			buildConfigurations = (
				A0E4873B25F99B6400ACC3D5 /* Debug */,
				A0E4873C25F99B6400ACC3D5 /* Release */,
			);
			defaultConfigurationIsVisible = 0;
			defaultConfigurationName = Release;
		};
/* End XCConfigurationList section */
	};
	rootObject = A0E4870225F99B6300ACC3D5 /* Project object */;
}
